
Microsoft Visual Studio Solution File, Format Version 12.00
# Visual Studio Express 14 for Web
VisualStudioVersion = 14.0.23107.0
MinimumVisualStudioVersion = 10.0.40219.1
Project("{FAE04EC0-301F-11D3-BF4B-00C04F79EFBC}") = "CryptographyHelper", "CryptographyHelper\CryptographyHelper.csproj", "{468095F2-04E8-4747-BCD8-DA176ADB0E26}"
EndProject
Project("{FAE04EC0-301F-11D3-BF4B-00C04F79EFBC}") = "FileCrawler", "FileCrawler\FileCrawler.csproj", "{7ED673B9-AFAB-4583-AC06-E8750905FCF6}"
EndProject
Project("{FAE04EC0-301F-11D3-BF4B-00C04F79EFBC}") = "FileIndexer", "FileIndexer\FileIndexer.csproj", "{B178092B-06CF-4FCF-9D20-69E14650136F}"
EndProject
Project("{FAE04EC0-301F-11D3-BF4B-00C04F79EFBC}") = "Tests", "Tests\Tests.csproj", "{5F0CC2F1-C441-4598-A0A5-033F1F78CD99}"
EndProject
Project("{FAE04EC0-301F-11D3-BF4B-00C04F79EFBC}") = "FileImporter", "FileImporter\FileImporter.csproj", "{0D8A701C-BB1B-4B3C-A0F1-3226F781F65C}"
EndProject
Global
	GlobalSection(SolutionConfigurationPlatforms) = preSolution
		Debug|Any CPU = Debug|Any CPU
		Debug|x64 = Debug|x64
		Debug|x86 = Debug|x86
		Release|Any CPU = Release|Any CPU
		Release|x64 = Release|x64
		Release|x86 = Release|x86
	EndGlobalSection
	GlobalSection(ProjectConfigurationPlatforms) = postSolution
		{468095F2-04E8-4747-BCD8-DA176ADB0E26}.Debug|Any CPU.ActiveCfg = Debug|Any CPU
		{468095F2-04E8-4747-BCD8-DA176ADB0E26}.Debug|Any CPU.Build.0 = Debug|Any CPU
		{468095F2-04E8-4747-BCD8-DA176ADB0E26}.Debug|x64.ActiveCfg = Debug|Any CPU
		{468095F2-04E8-4747-BCD8-DA176ADB0E26}.Debug|x64.Build.0 = Debug|Any CPU
		{468095F2-04E8-4747-BCD8-DA176ADB0E26}.Debug|x86.ActiveCfg = Debug|Any CPU
		{468095F2-04E8-4747-BCD8-DA176ADB0E26}.Debug|x86.Build.0 = Debug|Any CPU
		{468095F2-04E8-4747-BCD8-DA176ADB0E26}.Release|Any CPU.ActiveCfg = Release|Any CPU
		{468095F2-04E8-4747-BCD8-DA176ADB0E26}.Release|Any CPU.Build.0 = Release|Any CPU
		{468095F2-04E8-4747-BCD8-DA176ADB0E26}.Release|x64.ActiveCfg = Release|Any CPU
		{468095F2-04E8-4747-BCD8-DA176ADB0E26}.Release|x64.Build.0 = Release|Any CPU
		{468095F2-04E8-4747-BCD8-DA176ADB0E26}.Release|x86.ActiveCfg = Release|Any CPU
		{468095F2-04E8-4747-BCD8-DA176ADB0E26}.Release|x86.Build.0 = Release|Any CPU
		{7ED673B9-AFAB-4583-AC06-E8750905FCF6}.Debug|Any CPU.ActiveCfg = Debug|Any CPU
		{7ED673B9-AFAB-4583-AC06-E8750905FCF6}.Debug|Any CPU.Build.0 = Debug|Any CPU
		{7ED673B9-AFAB-4583-AC06-E8750905FCF6}.Debug|x64.ActiveCfg = Debug|Any CPU
		{7ED673B9-AFAB-4583-AC06-E8750905FCF6}.Debug|x64.Build.0 = Debug|Any CPU
		{7ED673B9-AFAB-4583-AC06-E8750905FCF6}.Debug|x86.ActiveCfg = Debug|Any CPU
		{7ED673B9-AFAB-4583-AC06-E8750905FCF6}.Debug|x86.Build.0 = Debug|Any CPU
		{7ED673B9-AFAB-4583-AC06-E8750905FCF6}.Release|Any CPU.ActiveCfg = Release|Any CPU
		{7ED673B9-AFAB-4583-AC06-E8750905FCF6}.Release|Any CPU.Build.0 = Release|Any CPU
		{7ED673B9-AFAB-4583-AC06-E8750905FCF6}.Release|x64.ActiveCfg = Release|Any CPU
		{7ED673B9-AFAB-4583-AC06-E8750905FCF6}.Release|x64.Build.0 = Release|Any CPU
		{7ED673B9-AFAB-4583-AC06-E8750905FCF6}.Release|x86.ActiveCfg = Release|Any CPU
		{7ED673B9-AFAB-4583-AC06-E8750905FCF6}.Release|x86.Build.0 = Release|Any CPU
		{B178092B-06CF-4FCF-9D20-69E14650136F}.Debug|Any CPU.ActiveCfg = Debug|Any CPU
		{B178092B-06CF-4FCF-9D20-69E14650136F}.Debug|Any CPU.Build.0 = Debug|Any CPU
		{B178092B-06CF-4FCF-9D20-69E14650136F}.Debug|x64.ActiveCfg = Debug|x64
		{B178092B-06CF-4FCF-9D20-69E14650136F}.Debug|x64.Build.0 = Debug|x64
		{B178092B-06CF-4FCF-9D20-69E14650136F}.Debug|x86.ActiveCfg = Debug|x86
		{B178092B-06CF-4FCF-9D20-69E14650136F}.Debug|x86.Build.0 = Debug|x86
		{B178092B-06CF-4FCF-9D20-69E14650136F}.Release|Any CPU.ActiveCfg = Release|Any CPU
		{B178092B-06CF-4FCF-9D20-69E14650136F}.Release|Any CPU.Build.0 = Release|Any CPU
		{B178092B-06CF-4FCF-9D20-69E14650136F}.Release|x64.ActiveCfg = Release|x64
		{B178092B-06CF-4FCF-9D20-69E14650136F}.Release|x64.Build.0 = Release|x64
		{B178092B-06CF-4FCF-9D20-69E14650136F}.Release|x86.ActiveCfg = Release|x86
		{B178092B-06CF-4FCF-9D20-69E14650136F}.Release|x86.Build.0 = Release|x86
		{5F0CC2F1-C441-4598-A0A5-033F1F78CD99}.Debug|Any CPU.ActiveCfg = Debug|Any CPU
		{5F0CC2F1-C441-4598-A0A5-033F1F78CD99}.Debug|Any CPU.Build.0 = Debug|Any CPU
		{5F0CC2F1-C441-4598-A0A5-033F1F78CD99}.Debug|x64.ActiveCfg = Debug|Any CPU
		{5F0CC2F1-C441-4598-A0A5-033F1F78CD99}.Debug|x64.Build.0 = Debug|Any CPU
		{5F0CC2F1-C441-4598-A0A5-033F1F78CD99}.Debug|x86.ActiveCfg = Debug|Any CPU
		{5F0CC2F1-C441-4598-A0A5-033F1F78CD99}.Debug|x86.Build.0 = Debug|Any CPU
		{5F0CC2F1-C441-4598-A0A5-033F1F78CD99}.Release|Any CPU.ActiveCfg = Release|Any CPU
		{5F0CC2F1-C441-4598-A0A5-033F1F78CD99}.Release|Any CPU.Build.0 = Release|Any CPU
		{5F0CC2F1-C441-4598-A0A5-033F1F78CD99}.Release|x64.ActiveCfg = Release|Any CPU
		{5F0CC2F1-C441-4598-A0A5-033F1F78CD99}.Release|x64.Build.0 = Release|Any CPU
		{5F0CC2F1-C441-4598-A0A5-033F1F78CD99}.Release|x86.ActiveCfg = Release|Any CPU
		{5F0CC2F1-C441-4598-A0A5-033F1F78CD99}.Release|x86.Build.0 = Release|Any CPU
		{0D8A701C-BB1B-4B3C-A0F1-3226F781F65C}.Debug|Any CPU.ActiveCfg = Debug|Any CPU
		{0D8A701C-BB1B-4B3C-A0F1-3226F781F65C}.Debug|Any CPU.Build.0 = Debug|Any CPU
		{0D8A701C-BB1B-4B3C-A0F1-3226F781F65C}.Debug|x64.ActiveCfg = Debug|Any CPU
		{0D8A701C-BB1B-4B3C-A0F1-3226F781F65C}.Debug|x64.Build.0 = Debug|Any CPU
		{0D8A701C-BB1B-4B3C-A0F1-3226F781F65C}.Debug|x86.ActiveCfg = Debug|Any CPU
		{0D8A701C-BB1B-4B3C-A0F1-3226F781F65C}.Debug|x86.Build.0 = Debug|Any CPU
		{0D8A701C-BB1B-4B3C-A0F1-3226F781F65C}.Release|Any CPU.ActiveCfg = Release|Any CPU
		{0D8A701C-BB1B-4B3C-A0F1-3226F781F65C}.Release|Any CPU.Build.0 = Release|Any CPU
		{0D8A701C-BB1B-4B3C-A0F1-3226F781F65C}.Release|x64.ActiveCfg = Release|Any CPU
		{0D8A701C-BB1B-4B3C-A0F1-3226F781F65C}.Release|x64.Build.0 = Release|Any CPU
		{0D8A701C-BB1B-4B3C-A0F1-3226F781F65C}.Release|x86.ActiveCfg = Release|Any CPU
		{0D8A701C-BB1B-4B3C-A0F1-3226F781F65C}.Release|x86.Build.0 = Release|Any CPU
	EndGlobalSection
	GlobalSection(SolutionProperties) = preSolution
		HideSolutionNode = FALSE
	EndGlobalSection
EndGlobal
